
Microsoft Visual Studio Solution File, Format Version 12.00
# Visual Studio 15
Project("{FAE04EC0-301F-11D3-BF4B-00C04F79EFBC}") = "K2_WuShi2_0905", "K2_WuShi2_0905.csproj", "{FDF960E6-5EF7-A20A-7D4D-8EAC7DEAAD80}"
EndProject
Global
	GlobalSection(SolutionConfigurationPlatforms) = preSolution
		Debug|Any CPU = Debug|Any CPU
		Release|Any CPU = Release|Any CPU
	EndGlobalSection
	GlobalSection(ProjectConfigurationPlatforms) = postSolution
		{FDF960E6-5EF7-A20A-7D4D-8EAC7DEAAD80}.Debug|Any CPU.ActiveCfg = Debug|Any CPU
		{FDF960E6-5EF7-A20A-7D4D-8EAC7DEAAD80}.Debug|Any CPU.Build.0 = Debug|Any CPU
		{FDF960E6-5EF7-A20A-7D4D-8EAC7DEAAD80}.Release|Any CPU.ActiveCfg = Release|Any CPU
		{FDF960E6-5EF7-A20A-7D4D-8EAC7DEAAD80}.Release|Any CPU.Build.0 = Release|Any CPU
	EndGlobalSection
	GlobalSection(SolutionProperties) = preSolution
		HideSolutionNode = FALSE
	EndGlobalSection
EndGlobal
